<?xml version="1.0" encoding="utf-8"?>
<Project ToolsVersion="4.0" xmlns="http://schemas.microsoft.com/developer/msbuild/2003">
  <ItemGroup>
    <Filter Include="Source Files">
      <UniqueIdentifier>{4FC737F1-C7A5-4376-A066-2A32D752A2FF}</UniqueIdentifier>
      <Extensions>cpp;c;cc;cxx;c++;cppm;ixx;def;odl;idl;hpj;bat;asm;asmx</Extensions>
    </Filter>
    <Filter Include="Header Files">
      <UniqueIdentifier>{93995380-89BD-4b04-88EB-625FBE52EBFB}</UniqueIdentifier>
      <Extensions>h;hh;hpp;hxx;h++;hm;inl;inc;ipp;xsd</Extensions>
    </Filter>
    <Filter Include="ScriptHookV">
      <UniqueIdentifier>{67DA6AB6-F800-4c08-8B7A-83BB121AAD01}</UniqueIdentifier>
      <Extensions>rc;ico;cur;bmp;dlg;rc2;rct;bin;rgs;gif;jpg;jpeg;jpe;resx;tiff;tif;png;wav;mfcribbon-ms</Extensions>
    </Filter>
    <Filter Include="ScriptHookV\sdk">
      <UniqueIdentifier>{1c19d135-8490-4a69-9e1d-982c5bcac35f}</UniqueIdentifier>
    </Filter>
  </ItemGroup>
  <ItemGroup>
    <ClCompile Include="script.cpp">
      <Filter>Source Files</Filter>
    </ClCompile>
    <ClCompile Include="dllmain.cpp">
      <Filter>Source Files</Filter>
    </ClCompile>
  </ItemGroup>
  <ItemGroup>
    <ClInclude Include="script.h">
      <Filter>Header Files</Filter>
    </ClInclude>
    <ClInclude Include="sdk\natives.h">
      <Filter>ScriptHookV\sdk</Filter>
    </ClInclude>
    <ClInclude Include="sdk\types.h">
      <Filter>ScriptHookV\sdk</Filter>
    </ClInclude>
    <ClInclude Include="sdk\enums.h">
      <Filter>ScriptHookV\sdk</Filter>
    </ClInclude>
    <ClInclude Include="sdk\main.h">
      <Filter>ScriptHookV\sdk</Filter>
    </ClInclude>
    <ClInclude Include="sdk\nativeCaller.h">
      <Filter>ScriptHookV\sdk</Filter>
    </ClInclude>
    <ClInclude Include="pattern_scan.hpp">
      <Filter>Header Files</Filter>
    </ClInclude>
    <ClInclude Include="steering.hpp">
      <Filter>Header Files</Filter>
    </ClInclude>
    <ClInclude Include="patcher.hpp">
      <Filter>Header Files</Filter>
    </ClInclude>
  </ItemGroup>
  <ItemGroup>
    <Library Include="sdk\ScriptHookV.lib">
      <Filter>ScriptHookV</Filter>
    </Library>
  </ItemGroup>
</Project>